
Microsoft Visual Studio Solution File, Format Version 12.00
# Visual Studio 15
VisualStudioVersion = 15.0.26730.15
MinimumVisualStudioVersion = 10.0.40219.1
Project("{FAE04EC0-301F-11D3-BF4B-00C04F79EFBC}") = "MuzickaSkola", "MuzickaSkola\MuzickaSkola.csproj", "{2BEF9FC8-CC08-4802-8006-CAD3B4F3DCD9}"
EndProject
Global
	GlobalSection(SolutionConfigurationPlatforms) = preSolution
		Debug|Any CPU = Debug|Any CPU
		Release|Any CPU = Release|Any CPU
	EndGlobalSection
	GlobalSection(ProjectConfigurationPlatforms) = postSolution
		{2BEF9FC8-CC08-4802-8006-CAD3B4F3DCD9}.Debug|Any CPU.ActiveCfg = Debug|Any CPU
		{2BEF9FC8-CC08-4802-8006-CAD3B4F3DCD9}.Debug|Any CPU.Build.0 = Debug|Any CPU
		{2BEF9FC8-CC08-4802-8006-CAD3B4F3DCD9}.Release|Any CPU.ActiveCfg = Release|Any CPU
		{2BEF9FC8-CC08-4802-8006-CAD3B4F3DCD9}.Release|Any CPU.Build.0 = Release|Any CPU
	EndGlobalSection
	GlobalSection(SolutionProperties) = preSolution
		HideSolutionNode = FALSE
	EndGlobalSection
	GlobalSection(ExtensibilityGlobals) = postSolution
		SolutionGuid = {C07A8360-E1D3-43BF-98AB-C2F510BE5AC7}
	EndGlobalSection
EndGlobal
